PODS:
  - FlutterMacOS (1.0.0)
  - midi_io (0.0.1):
    - FlutterMacOS

DEPENDENCIES:
  - FlutterMacOS (from `Flutter/ephemeral`)
  - midi_io (from `Flutter/ephemeral/.symlinks/plugins/midi_io/macos`)

EXTERNAL SOURCES:
  FlutterMacOS:
    :path: Flutter/ephemeral
  midi_io:
    :path: Flutter/ephemeral/.symlinks/plugins/midi_io/macos

SPEC CHECKSUMS:
  FlutterMacOS: c232990155153907050900a2e175c7773903ba4e
  midi_io: bc7e9c8917d496e6c41a1cc3289653aec16fda84

PODFILE CHECKSUM: bd459fa9cdcbf5197d76a57672f0f324cf7a328f

COCOAPODS: 1.16.2
